// !$*UTF8*$!
{
	archiveVersion = 1;
	classes = {
	};
	objectVersion = 39;
	objects = {
		7DFDC57108593C8F00DD8415 = {
			children = (
				7DFDC6A708593CB100DD8415,
				7DFDC6BC08593CBE00DD8415,
				7DFDC6CF08593CCA00DD8415,
				7DFDC74308593CDD00DD8415,
				7DFDC74408593CDD00DD8415,
				7DFDC76808593CDD00DD8415,
				7DFDC76908593CDD00DD8415,
				7DFDC75908593CDD00DD8415,
				7DFDC75B08593CDD00DD8415,
				7DFDC75D08593CDD00DD8415,
				7DFDC75F08593CDD00DD8415,
				7DFDC76108593CDD00DD8415,
				7DFDC76308593CDD00DD8415,
				7DFDC76508593CDD00DD8415,
				7DFDC58108593CA400DD8415,
			);
			isa = PBXGroup;
			refType = 4;
			sourceTree = "<group>";
		};
		7DFDC57308593C8F00DD8415 = {
			buildSettings = {
				COPY_PHASE_STRIP = NO;
			};
			isa = PBXBuildStyle;
			name = "開発";
		};
		7DFDC57408593C8F00DD8415 = {
			buildSettings = {
				COPY_PHASE_STRIP = YES;
			};
			isa = PBXBuildStyle;
			name = "運用";
		};
		7DFDC57508593C8F00DD8415 = {
			buildSettings = {
			};
			buildStyles = (
				7DFDC57308593C8F00DD8415,
				7DFDC57408593C8F00DD8415,
			);
			hasScannedForEncodings = 1;
			isa = PBXProject;
			mainGroup = 7DFDC57108593C8F00DD8415;
			productRefGroup = 7DFDC58108593CA400DD8415;
			projectDirPath = "";
			targets = (
				7DFDC57F08593CA400DD8415,
			);
		};
		7DFDC57A08593CA400DD8415 = {
			buildActionMask = 2147483647;
			files = (
				7DFDC76B08593CDD00DD8415,
				7DFDC77C08593CDD00DD8415,
			);
			isa = PBXHeadersBuildPhase;
			runOnlyForDeploymentPostprocessing = 0;
		};
		7DFDC57B08593CA400DD8415 = {
			buildActionMask = 2147483647;
			files = (
				7DFDC77008593CDD00DD8415,
				7DFDC77208593CDD00DD8415,
				7DFDC77408593CDD00DD8415,
				7DFDC77608593CDD00DD8415,
				7DFDC77808593CDD00DD8415,
				7DFDC77A08593CDD00DD8415,
			);
			isa = PBXResourcesBuildPhase;
			runOnlyForDeploymentPostprocessing = 0;
		};
		7DFDC57C08593CA400DD8415 = {
			buildActionMask = 2147483647;
			files = (
				7DFDC76A08593CDD00DD8415,
				7DFDC76E08593CDD00DD8415,
				7DFDC77B08593CDD00DD8415,
			);
			isa = PBXSourcesBuildPhase;
			runOnlyForDeploymentPostprocessing = 0;
		};
		7DFDC57D08593CA400DD8415 = {
			buildActionMask = 2147483647;
			files = (
				7DFDC6A808593CB100DD8415,
				7DFDC6BD08593CBE00DD8415,
				7DFDC6D008593CCA00DD8415,
			);
			isa = PBXFrameworksBuildPhase;
			runOnlyForDeploymentPostprocessing = 0;
		};
		7DFDC57E08593CA400DD8415 = {
			buildActionMask = 2147483647;
			files = (
			);
			isa = PBXRezBuildPhase;
			runOnlyForDeploymentPostprocessing = 0;
		};
		7DFDC57F08593CA400DD8415 = {
			buildPhases = (
				7DFDC57A08593CA400DD8415,
				7DFDC57B08593CA400DD8415,
				7DFDC57C08593CA400DD8415,
				7DFDC57D08593CA400DD8415,
				7DFDC57E08593CA400DD8415,
			);
			buildSettings = {
				OTHER_CFLAGS = "";
				OTHER_LDFLAGS = "";
				OTHER_REZFLAGS = "";
				PRODUCT_NAME = texture11;
				SECTORDER_FLAGS = "";
				WARNING_CFLAGS = "-Wmost -Wno-four-char-constants -Wno-unknown-pragmas";
				WRAPPER_EXTENSION = app;
			};
			dependencies = (
			);
			isa = PBXApplicationTarget;
			name = texture11;
			productInstallPath = "$(USER_APPS_DIR)";
			productName = texture11;
			productReference = 7DFDC58008593CA400DD8415;
			productSettingsXML = "<?xml version=\"1.0\" encoding=\"UTF-8\"?>
<!DOCTYPE plist PUBLIC \"-//Apple Computer//DTD PLIST 1.0//EN\" \"http://www.apple.com/DTDs/PropertyList-1.0.dtd\">
<plist version=\"1.0\">
<dict>
	<key>CFBundleDevelopmentRegion</key>
	<string>English</string>
	<key>CFBundleExecutable</key>
	<string></string>
	<key>CFBundleGetInfoString</key>
	<string></string>
	<key>CFBundleIconFile</key>
	<string></string>
	<key>CFBundleIdentifier</key>
	<string></string>
	<key>CFBundleInfoDictionaryVersion</key>
	<string>6.0</string>
	<key>CFBundleName</key>
	<string></string>
	<key>CFBundlePackageType</key>
	<string>APPL</string>
	<key>CFBundleShortVersionString</key>
	<string></string>
	<key>CFBundleSignature</key>
	<string>????</string>
	<key>CFBundleVersion</key>
	<string>0.0.1d1</string>
</dict>
</plist>
";
		};
		7DFDC58008593CA400DD8415 = {
			explicitFileType = wrapper.application;
			includeInIndex = 0;
			isa = PBXFileReference;
			path = texture11.app;
			refType = 3;
			sourceTree = BUILT_PRODUCTS_DIR;
		};
		7DFDC58108593CA400DD8415 = {
			children = (
				7DFDC58008593CA400DD8415,
			);
			isa = PBXGroup;
			name = Products;
			refType = 4;
			sourceTree = "<group>";
		};
		7DFDC6A708593CB100DD8415 = {
			isa = PBXFileReference;
			lastKnownFileType = wrapper.framework;
			name = GLUT.framework;
			path = /System/Library/Frameworks/GLUT.framework;
			refType = 0;
			sourceTree = "<absolute>";
		};
		7DFDC6A808593CB100DD8415 = {
			fileRef = 7DFDC6A708593CB100DD8415;
			isa = PBXBuildFile;
			settings = {
			};
		};
		7DFDC6BC08593CBE00DD8415 = {
			isa = PBXFileReference;
			lastKnownFileType = wrapper.framework;
			name = OpenGL.framework;
			path = /System/Library/Frameworks/OpenGL.framework;
			refType = 0;
			sourceTree = "<absolute>";
		};
		7DFDC6BD08593CBE00DD8415 = {
			fileRef = 7DFDC6BC08593CBE00DD8415;
			isa = PBXBuildFile;
			settings = {
			};
		};
		7DFDC6CF08593CCA00DD8415 = {
			isa = PBXFileReference;
			lastKnownFileType = wrapper.framework;
			name = Foundation.framework;
			path = /System/Library/Frameworks/Foundation.framework;
			refType = 0;
			sourceTree = "<absolute>";
		};
		7DFDC6D008593CCA00DD8415 = {
			fileRef = 7DFDC6CF08593CCA00DD8415;
			isa = PBXBuildFile;
			settings = {
			};
		};
		7DFDC74308593CDD00DD8415 = {
			fileEncoding = "-2147483647";
			isa = PBXFileReference;
			lastKnownFileType = sourcecode.cpp.cpp;
			path = box.cpp;
			refType = 4;
			sourceTree = "<group>";
		};
		7DFDC74408593CDD00DD8415 = {
			fileEncoding = "-2147483647";
			isa = PBXFileReference;
			lastKnownFileType = sourcecode.c.h;
			path = box.h;
			refType = 4;
			sourceTree = "<group>";
		};
		7DFDC75908593CDD00DD8415 = {
			fileEncoding = "-2147483647";
			isa = PBXFileReference;
			lastKnownFileType = sourcecode.cpp.cpp;
			path = main.cpp;
			refType = 4;
			sourceTree = "<group>";
		};
		7DFDC75B08593CDD00DD8415 = {
			fileEncoding = "-2147483647";
			isa = PBXFileReference;
			lastKnownFileType = text;
			path = room2nx.raw;
			refType = 4;
			sourceTree = "<group>";
		};
		7DFDC75D08593CDD00DD8415 = {
			fileEncoding = "-2147483647";
			isa = PBXFileReference;
			lastKnownFileType = text;
			path = room2ny.raw;
			refType = 4;
			sourceTree = "<group>";
		};
		7DFDC75F08593CDD00DD8415 = {
			fileEncoding = "-2147483647";
			isa = PBXFileReference;
			lastKnownFileType = text;
			path = room2nz.raw;
			refType = 4;
			sourceTree = "<group>";
		};
		7DFDC76108593CDD00DD8415 = {
			fileEncoding = "-2147483647";
			isa = PBXFileReference;
			lastKnownFileType = text;
			path = room2px.raw;
			refType = 4;
			sourceTree = "<group>";
		};
		7DFDC76308593CDD00DD8415 = {
			fileEncoding = "-2147483647";
			isa = PBXFileReference;
			lastKnownFileType = text;
			path = room2py.raw;
			refType = 4;
			sourceTree = "<group>";
		};
		7DFDC76508593CDD00DD8415 = {
			fileEncoding = "-2147483647";
			isa = PBXFileReference;
			lastKnownFileType = text;
			path = room2pz.raw;
			refType = 4;
			sourceTree = "<group>";
		};
		7DFDC76808593CDD00DD8415 = {
			fileEncoding = "-2147483647";
			isa = PBXFileReference;
			lastKnownFileType = sourcecode.cpp.cpp;
			path = trackball.cpp;
			refType = 4;
			sourceTree = "<group>";
		};
		7DFDC76908593CDD00DD8415 = {
			fileEncoding = "-2147483647";
			isa = PBXFileReference;
			lastKnownFileType = sourcecode.c.h;
			path = trackball.h;
			refType = 4;
			sourceTree = "<group>";
		};
		7DFDC76A08593CDD00DD8415 = {
			fileRef = 7DFDC74308593CDD00DD8415;
			isa = PBXBuildFile;
			settings = {
			};
		};
		7DFDC76B08593CDD00DD8415 = {
			fileRef = 7DFDC74408593CDD00DD8415;
			isa = PBXBuildFile;
			settings = {
			};
		};
		7DFDC76E08593CDD00DD8415 = {
			fileRef = 7DFDC75908593CDD00DD8415;
			isa = PBXBuildFile;
			settings = {
			};
		};
		7DFDC77008593CDD00DD8415 = {
			fileRef = 7DFDC75B08593CDD00DD8415;
			isa = PBXBuildFile;
			settings = {
			};
		};
		7DFDC77208593CDD00DD8415 = {
			fileRef = 7DFDC75D08593CDD00DD8415;
			isa = PBXBuildFile;
			settings = {
			};
		};
		7DFDC77408593CDD00DD8415 = {
			fileRef = 7DFDC75F08593CDD00DD8415;
			isa = PBXBuildFile;
			settings = {
			};
		};
		7DFDC77608593CDD00DD8415 = {
			fileRef = 7DFDC76108593CDD00DD8415;
			isa = PBXBuildFile;
			settings = {
			};
		};
		7DFDC77808593CDD00DD8415 = {
			fileRef = 7DFDC76308593CDD00DD8415;
			isa = PBXBuildFile;
			settings = {
			};
		};
		7DFDC77A08593CDD00DD8415 = {
			fileRef = 7DFDC76508593CDD00DD8415;
			isa = PBXBuildFile;
			settings = {
			};
		};
		7DFDC77B08593CDD00DD8415 = {
			fileRef = 7DFDC76808593CDD00DD8415;
			isa = PBXBuildFile;
			settings = {
			};
		};
		7DFDC77C08593CDD00DD8415 = {
			fileRef = 7DFDC76908593CDD00DD8415;
			isa = PBXBuildFile;
			settings = {
			};
		};
	};
	rootObject = 7DFDC57508593C8F00DD8415;
}
